
Microsoft Visual Studio Solution File, Format Version 12.00
# Visual Studio Version 17
VisualStudioVersion = 17.14.36408.4 d17.14
MinimumVisualStudioVersion = 10.0.40219.1
Project("{FAE04EC0-301F-11D3-BF4B-00C04F79EFBC}") = "restaurant-management-backend", "restaurant-management-backend.csproj", "{B96F4E1D-4668-4360-935F-290D4A321D54}"
EndProject
Global
	GlobalSection(SolutionConfigurationPlatforms) = preSolution
		Debug|Any CPU = Debug|Any CPU
		Release|Any CPU = Release|Any CPU
	EndGlobalSection
	GlobalSection(ProjectConfigurationPlatforms) = postSolution
		{B96F4E1D-4668-4360-935F-290D4A321D54}.Debug|Any CPU.ActiveCfg = Debug|Any CPU
		{B96F4E1D-4668-4360-935F-290D4A321D54}.Debug|Any CPU.Build.0 = Debug|Any CPU
		{B96F4E1D-4668-4360-935F-290D4A321D54}.Release|Any CPU.ActiveCfg = Release|Any CPU
		{B96F4E1D-4668-4360-935F-290D4A321D54}.Release|Any CPU.Build.0 = Release|Any CPU
	EndGlobalSection
	GlobalSection(SolutionProperties) = preSolution
		HideSolutionNode = FALSE
	EndGlobalSection
	GlobalSection(ExtensibilityGlobals) = postSolution
		SolutionGuid = {F012F6E6-513B-406E-A3F3-60F24076AA9E}
	EndGlobalSection
EndGlobal
